
Microsoft Visual Studio Solution File, Format Version 12.00
# Visual Studio Version 17
VisualStudioVersion = 17.8.34525.116
MinimumVisualStudioVersion = 10.0.40219.1
Project("{FAE04EC0-301F-11D3-BF4B-00C04F79EFBC}") = "Lista_1_ex5", "Lista_1_ex5\Lista_1_ex5.csproj", "{005A0407-3EDB-4340-BDD6-E81F0FB248E7}"
EndProject
Global
	GlobalSection(SolutionConfigurationPlatforms) = preSolution
		Debug|Any CPU = Debug|Any CPU
		Release|Any CPU = Release|Any CPU
	EndGlobalSection
	GlobalSection(ProjectConfigurationPlatforms) = postSolution
		{005A0407-3EDB-4340-BDD6-E81F0FB248E7}.Debug|Any CPU.ActiveCfg = Debug|Any CPU
		{005A0407-3EDB-4340-BDD6-E81F0FB248E7}.Debug|Any CPU.Build.0 = Debug|Any CPU
		{005A0407-3EDB-4340-BDD6-E81F0FB248E7}.Release|Any CPU.ActiveCfg = Release|Any CPU
		{005A0407-3EDB-4340-BDD6-E81F0FB248E7}.Release|Any CPU.Build.0 = Release|Any CPU
	EndGlobalSection
	GlobalSection(SolutionProperties) = preSolution
		HideSolutionNode = FALSE
	EndGlobalSection
	GlobalSection(ExtensibilityGlobals) = postSolution
		SolutionGuid = {DD128EB5-838C-45C4-BFAC-31C528D03D55}
	EndGlobalSection
EndGlobal
